
Microsoft Visual Studio Solution File, Format Version 12.00
# Visual Studio Version 16
VisualStudioVersion = 16.0.29102.190
MinimumVisualStudioVersion = 10.0.40219.1
Project("{FAE04EC0-301F-11D3-BF4B-00C04F79EFBC}") = "ServiceAPI", "ServiceAPI.csproj", "{7BF0A929-8D4B-4172-8EA5-3829C0FC71C7}"
EndProject
Project("{FAE04EC0-301F-11D3-BF4B-00C04F79EFBC}") = "DataAccessLayer", "..\DataAccessLayer\DataAccessLayer.csproj", "{41226D12-DBB1-46A0-8633-D1FE73842B19}"
EndProject
Global
	GlobalSection(SolutionConfigurationPlatforms) = preSolution
		Debug|Any CPU = Debug|Any CPU
		Release|Any CPU = Release|Any CPU
	EndGlobalSection
	GlobalSection(ProjectConfigurationPlatforms) = postSolution
		{7BF0A929-8D4B-4172-8EA5-3829C0FC71C7}.Debug|Any CPU.ActiveCfg = Debug|Any CPU
		{7BF0A929-8D4B-4172-8EA5-3829C0FC71C7}.Debug|Any CPU.Build.0 = Debug|Any CPU
		{7BF0A929-8D4B-4172-8EA5-3829C0FC71C7}.Release|Any CPU.ActiveCfg = Release|Any CPU
		{7BF0A929-8D4B-4172-8EA5-3829C0FC71C7}.Release|Any CPU.Build.0 = Release|Any CPU
		{41226D12-DBB1-46A0-8633-D1FE73842B19}.Debug|Any CPU.ActiveCfg = Debug|Any CPU
		{41226D12-DBB1-46A0-8633-D1FE73842B19}.Debug|Any CPU.Build.0 = Debug|Any CPU
		{41226D12-DBB1-46A0-8633-D1FE73842B19}.Release|Any CPU.ActiveCfg = Release|Any CPU
		{41226D12-DBB1-46A0-8633-D1FE73842B19}.Release|Any CPU.Build.0 = Release|Any CPU
	EndGlobalSection
	GlobalSection(SolutionProperties) = preSolution
		HideSolutionNode = FALSE
	EndGlobalSection
	GlobalSection(ExtensibilityGlobals) = postSolution
		SolutionGuid = {67DFCAB0-36AB-462D-AB51-6FA5193B9E18}
	EndGlobalSection
EndGlobal
